// !$*UTF8*$!
{
	archiveVersion = 1;
	classes = {
	};
	objectVersion = 46;
	objects = {

/* Begin PBXBuildFile section */
		7011DD261D9024FB0094A2A9 /* AppDelegate.swift in Sources */ = {isa = PBXBuildFile; fileRef = 7011DD251D9024FB0094A2A9 /* AppDelegate.swift */; };
		7011DD281D9024FB0094A2A9 /* ViewController.swift in Sources */ = {isa = PBXBuildFile; fileRef = 7011DD271D9024FB0094A2A9 /* ViewController.swift */; };
		7011DD2B1D9024FB0094A2A9 /* Main.storyboard in Resources */ = {isa = PBXBuildFile; fileRef = 7011DD291D9024FB0094A2A9 /* Main.storyboard */; };
		7011DD2D1D9024FB0094A2A9 /* Assets.xcassets in Resources */ = {isa = PBXBuildFile; fileRef = 7011DD2C1D9024FB0094A2A9 /* Assets.xcassets */; };
		7011DD301D9024FB0094A2A9 /* LaunchScreen.storyboard in Resources */ = {isa = PBXBuildFile; fileRef = 7011DD2E1D9024FB0094A2A9 /* LaunchScreen.storyboard */; };
/* End PBXBuildFile section */

/* Begin PBXFileReference section */
		7011DD221D9024FB0094A2A9 /* Day2-AutoLayout.app */ = {isa = PBXFileReference; explicitFileType = wrapper.application; includeInIndex = 0; path = "Day2-AutoLayout.app"; sourceTree = BUILT_PRODUCTS_DIR; };
		7011DD251D9024FB0094A2A9 /* AppDelegate.swift */ = {isa = PBXFileReference; lastKnownFileType = sourcecode.swift; path = AppDelegate.swift; sourceTree = "<group>"; };
		7011DD271D9024FB0094A2A9 /* ViewController.swift */ = {isa = PBXFileReference; lastKnownFileType = sourcecode.swift; path = ViewController.swift; sourceTree = "<group>"; };
		7011DD2A1D9024FB0094A2A9 /* Base */ = {isa = PBXFileReference; lastKnownFileType = file.storyboard; name = Base; path = Base.lproj/Main.storyboard; sourceTree = "<group>"; };
		7011DD2C1D9024FB0094A2A9 /* Assets.xcassets */ = {isa = PBXFileReference; lastKnownFileType = folder.assetcatalog; path = Assets.xcassets; sourceTree = "<group>"; };
		7011DD2F1D9024FB0094A2A9 /* Base */ = {isa = PBXFileReference; lastKnownFileType = file.storyboard; name = Base; path = Base.lproj/LaunchScreen.storyboard; sourceTree = "<group>"; };
		7011DD311D9024FB0094A2A9 /* Info.plist */ = {isa = PBXFileReference; lastKnownFileType = text.plist.xml; path = Info.plist; sourceTree = "<group>"; };
/* End PBXFileReference section */

/* Begin PBXFrameworksBuildPhase section */
		7011DD1F1D9024FB0094A2A9 /* Frameworks */ = {
			isa = PBXFrameworksBuildPhase;
			buildActionMask = 2147483647;
			files = (
			);
			runOnlyForDeploymentPostprocessing = 0;
		};
/* End PBXFrameworksBuildPhase section */

/* Begin PBXGroup section */
		7011DD191D9024FB0094A2A9 = {
			isa = PBXGroup;
			children = (
				7011DD241D9024FB0094A2A9 /* Day2-AutoLayout */,
				7011DD231D9024FB0094A2A9 /* Products */,
			);
			sourceTree = "<group>";
		};
		7011DD231D9024FB0094A2A9 /* Products */ = {
			isa = PBXGroup;
			children = (
				7011DD221D9024FB0094A2A9 /* Day2-AutoLayout.app */,
			);
			name = Products;
			sourceTree = "<group>";
		};
		7011DD241D9024FB0094A2A9 /* Day2-AutoLayout */ = {
			isa = PBXGroup;
			children = (
				7011DD251D9024FB0094A2A9 /* AppDelegate.swift */,
				7011DD271D9024FB0094A2A9 /* ViewController.swift */,
				7011DD291D9024FB0094A2A9 /* Main.storyboard */,
				7011DD2C1D9024FB0094A2A9 /* Assets.xcassets */,
				7011DD2E1D9024FB0094A2A9 /* LaunchScreen.storyboard */,
				7011DD311D9024FB0094A2A9 /* Info.plist */,
			);
			path = "Day2-AutoLayout";
			sourceTree = "<group>";
		};
/* End PBXGroup section */

/* Begin PBXNativeTarget section */
		7011DD211D9024FB0094A2A9 /* Day2-AutoLayout */ = {
			isa = PBXNativeTarget;
			buildConfigurationList = 7011DD341D9024FB0094A2A9 /* Build configuration list for PBXNativeTarget "Day2-AutoLayout" */;
			buildPhases = (
				7011DD1E1D9024FB0094A2A9 /* Sources */,
				7011DD1F1D9024FB0094A2A9 /* Frameworks */,
				7011DD201D9024FB0094A2A9 /* Resources */,
			);
			buildRules = (
			);
			dependencies = (
			);
			name = "Day2-AutoLayout";
			productName = "Day2-AutoLayout";
			productReference = 7011DD221D9024FB0094A2A9 /* Day2-AutoLayout.app */;
			productType = "com.apple.product-type.application";
		};
/* End PBXNativeTarget section */

/* Begin PBXProject section */
		7011DD1A1D9024FB0094A2A9 /* Project object */ = {
			isa = PBXProject;
			attributes = {
				LastSwiftUpdateCheck = 0730;
				LastUpgradeCheck = 0730;
				ORGANIZATIONNAME = "Imran Aftab Rana";
				TargetAttributes = {
					7011DD211D9024FB0094A2A9 = {
						CreatedOnToolsVersion = 7.3.1;
						DevelopmentTeam = F8D4NEEL85;
					};
				};
			};
			buildConfigurationList = 7011DD1D1D9024FB0094A2A9 /* Build configuration list for PBXProject "Day2-AutoLayout" */;
			compatibilityVersion = "Xcode 3.2";
			developmentRegion = English;
			hasScannedForEncodings = 0;
			knownRegions = (
				en,
				Base,
			);
			mainGroup = 7011DD191D9024FB0094A2A9;
			productRefGroup = 7011DD231D9024FB0094A2A9 /* Products */;
			projectDirPath = "";
			projectRoot = "";
			targets = (
				7011DD211D9024FB0094A2A9 /* Day2-AutoLayout */,
			);
		};
/* End PBXProject section */

/* Begin PBXResourcesBuildPhase section */
		7011DD201D9024FB0094A2A9 /* Resources */ = {
			isa = PBXResourcesBuildPhase;
			buildActionMask = 2147483647;
			files = (
				7011DD301D9024FB0094A2A9 /* LaunchScreen.storyboard in Resources */,
				7011DD2D1D9024FB0094A2A9 /* Assets.xcassets in Resources */,
				7011DD2B1D9024FB0094A2A9 /* Main.storyboard in Resources */,
			);
			runOnlyForDeploymentPostprocessing = 0;
		};
/* End PBXResourcesBuildPhase section */

/* Begin PBXSourcesBuildPhase section */
		7011DD1E1D9024FB0094A2A9 /* Sources */ = {
			isa = PBXSourcesBuildPhase;
			buildActionMask = 2147483647;
			files = (
				7011DD281D9024FB0094A2A9 /* ViewController.swift in Sources */,
				7011DD261D9024FB0094A2A9 /* AppDelegate.swift in Sources */,
			);
			runOnlyForDeploymentPostprocessing = 0;
		};
/* End PBXSourcesBuildPhase section */

/* Begin PBXVariantGroup section */
		7011DD291D9024FB0094A2A9 /* Main.storyboard */ = {
			isa = PBXVariantGroup;
			children = (
				7011DD2A1D9024FB0094A2A9 /* Base */,
			);
			name = Main.storyboard;
			sourceTree = "<group>";
		};
		7011DD2E1D9024FB0094A2A9 /* LaunchScreen.storyboard */ = {
			isa = PBXVariantGroup;
			children = (
				7011DD2F1D9024FB0094A2A9 /* Base */,
			);
			name = LaunchScreen.storyboard;
			sourceTree = "<group>";
		};
/* End PBXVariantGroup section */

/* Begin XCBuildConfiguration section */
		7011DD321D9024FB0094A2A9 /* Debug */ = {
			isa = XCBuildConfiguration;
			buildSettings = {
				ALWAYS_SEARCH_USER_PATHS = NO;
				CLANG_ANALYZER_NONNULL = YES;
				CLANG_CXX_LANGUAGE_STANDARD = "gnu++0x";
				CLANG_CXX_LIBRARY = "libc++";
				CLANG_ENABLE_MODULES = YES;
				CLANG_ENABLE_OBJC_ARC = YES;
				CLANG_WARN_BOOL_CONVERSION = YES;
				CLANG_WARN_CONSTANT_CONVERSION = YES;
				CLANG_WARN_DIRECT_OBJC_ISA_USAGE = YES_ERROR;
				CLANG_WARN_EMPTY_BODY = YES;
				CLANG_WARN_ENUM_CONVERSION = YES;
				CLANG_WARN_INT_CONVERSION = YES;
				CLANG_WARN_OBJC_ROOT_CLASS = YES_ERROR;
				CLANG_WARN_UNREACHABLE_CODE = YES;
				CLANG_WARN__DUPLICATE_METHOD_MATCH = YES;
				"CODE_SIGN_IDENTITY[sdk=iphoneos*]" = "iPhone Developer";
				COPY_PHASE_STRIP = NO;
				DEBUG_INFORMATION_FORMAT = dwarf;
				ENABLE_STRICT_OBJC_MSGSEND = YES;
				ENABLE_TESTABILITY = YES;
				GCC_C_LANGUAGE_STANDARD = gnu99;
				GCC_DYNAMIC_NO_PIC = NO;
				GCC_NO_COMMON_BLOCKS = YES;
				GCC_OPTIMIZATION_LEVEL = 0;
				GCC_PREPROCESSOR_DEFINITIONS = (
					"DEBUG=1",
					"$(inherited)",
				);
				GCC_WARN_64_TO_32_BIT_CONVERSION = YES;
				GCC_WARN_ABOUT_RETURN_TYPE = YES_ERROR;
				GCC_WARN_UNDECLARED_SELECTOR = YES;
				GCC_WARN_UNINITIALIZED_AUTOS = YES_AGGRESSIVE;
				GCC_WARN_UNUSED_FUNCTION = YES;
				GCC_WARN_UNUSED_VARIABLE = YES;
				IPHONEOS_DEPLOYMENT_TARGET = 9.3;
				MTL_ENABLE_DEBUG_INFO = YES;
				ONLY_ACTIVE_ARCH = YES;
				SDKROOT = iphoneos;
				SWIFT_OPTIMIZATION_LEVEL = "-Onone";
			};
			name = Debug;
		};
		7011DD331D9024FB0094A2A9 /* Release */ = {
			isa = XCBuildConfiguration;
			buildSettings = {
				ALWAYS_SEARCH_USER_PATHS = NO;
				CLANG_ANALYZER_NONNULL = YES;
				CLANG_CXX_LANGUAGE_STANDARD = "gnu++0x";
				CLANG_CXX_LIBRARY = "libc++";
				CLANG_ENABLE_MODULES = YES;
				CLANG_ENABLE_OBJC_ARC = YES;
				CLANG_WARN_BOOL_CONVERSION = YES;
				CLANG_WARN_CONSTANT_CONVERSION = YES;
				CLANG_WARN_DIRECT_OBJC_ISA_USAGE = YES_ERROR;
				CLANG_WARN_EMPTY_BODY = YES;
				CLANG_WARN_ENUM_CONVERSION = YES;
				CLANG_WARN_INT_CONVERSION = YES;
				CLANG_WARN_OBJC_ROOT_CLASS = YES_ERROR;
				CLANG_WARN_UNREACHABLE_CODE = YES;
				CLANG_WARN__DUPLICATE_METHOD_MATCH = YES;
				"CODE_SIGN_IDENTITY[sdk=iphoneos*]" = "iPhone Developer";
				COPY_PHASE_STRIP = NO;
				DEBUG_INFORMATION_FORMAT = "dwarf-with-dsym";
				ENABLE_NS_ASSERTIONS = NO;
				ENABLE_STRICT_OBJC_MSGSEND = YES;
				GCC_C_LANGUAGE_STANDARD = gnu99;
				GCC_NO_COMMON_BLOCKS = YES;
				GCC_WARN_64_TO_32_BIT_CONVERSION = YES;
				GCC_WARN_ABOUT_RETURN_TYPE = YES_ERROR;
				GCC_WARN_UNDECLARED_SELECTOR = YES;
				GCC_WARN_UNINITIALIZED_AUTOS = YES_AGGRESSIVE;
				GCC_WARN_UNUSED_FUNCTION = YES;
				GCC_WARN_UNUSED_VARIABLE = YES;
				IPHONEOS_DEPLOYMENT_TARGET = 9.3;
				MTL_ENABLE_DEBUG_INFO = NO;
				SDKROOT = iphoneos;
				VALIDATE_PRODUCT = YES;
			};
			name = Release;
		};
		7011DD351D9024FB0094A2A9 /* Debug */ = {
			isa = XCBuildConfiguration;
			buildSettings = {
				ASSETCATALOG_COMPILER_APPICON_NAME = AppIcon;
				INFOPLIST_FILE = "Day2-AutoLayout/Info.plist";
				LD_RUNPATH_SEARCH_PATHS = "$(inherited) @executable_path/Frameworks";
				PRODUCT_BUNDLE_IDENTIFIER = "com.imranaftabrana.Day2-AutoLayout";
				PRODUCT_NAME = "$(TARGET_NAME)";
			};
			name = Debug;
		};
		7011DD361D9024FB0094A2A9 /* Release */ = {
			isa = XCBuildConfiguration;
			buildSettings = {
				ASSETCATALOG_COMPILER_APPICON_NAME = AppIcon;
				INFOPLIST_FILE = "Day2-AutoLayout/Info.plist";
				LD_RUNPATH_SEARCH_PATHS = "$(inherited) @executable_path/Frameworks";
				PRODUCT_BUNDLE_IDENTIFIER = "com.imranaftabrana.Day2-AutoLayout";
				PRODUCT_NAME = "$(TARGET_NAME)";
			};
			name = Release;
		};
/* End XCBuildConfiguration section */

/* Begin XCConfigurationList section */
		7011DD1D1D9024FB0094A2A9 /* Build configuration list for PBXProject "Day2-AutoLayout" */ = {
			isa = XCConfigurationList;
			buildConfigurations = (
				7011DD321D9024FB0094A2A9 /* Debug */,
				7011DD331D9024FB0094A2A9 /* Release */,
			);
			defaultConfigurationIsVisible = 0;
			defaultConfigurationName = Release;
		};
		7011DD341D9024FB0094A2A9 /* Build configuration list for PBXNativeTarget "Day2-AutoLayout" */ = {
			isa = XCConfigurationList;
			buildConfigurations = (
				7011DD351D9024FB0094A2A9 /* Debug */,
				7011DD361D9024FB0094A2A9 /* Release */,
			);
			defaultConfigurationIsVisible = 0;
		};
/* End XCConfigurationList section */
	};
	rootObject = 7011DD1A1D9024FB0094A2A9 /* Project object */;
}
